
Microsoft Visual Studio Solution File, Format Version 12.00
# Visual Studio Version 17
VisualStudioVersion = 17.10.35013.160
MinimumVisualStudioVersion = 10.0.40219.1
Project("{9A19103F-16F7-4668-BE54-9A1E7A4F7556}") = "CrudReact", "CrudReact.csproj", "{9C3FC12C-2B70-4A61-B15D-F328F126CEB0}"
EndProject
Global
	GlobalSection(SolutionConfigurationPlatforms) = preSolution
		Debug|Any CPU = Debug|Any CPU
		Release|Any CPU = Release|Any CPU
	EndGlobalSection
	GlobalSection(ProjectConfigurationPlatforms) = postSolution
		{9C3FC12C-2B70-4A61-B15D-F328F126CEB0}.Debug|Any CPU.ActiveCfg = Debug|Any CPU
		{9C3FC12C-2B70-4A61-B15D-F328F126CEB0}.Debug|Any CPU.Build.0 = Debug|Any CPU
		{9C3FC12C-2B70-4A61-B15D-F328F126CEB0}.Release|Any CPU.ActiveCfg = Release|Any CPU
		{9C3FC12C-2B70-4A61-B15D-F328F126CEB0}.Release|Any CPU.Build.0 = Release|Any CPU
	EndGlobalSection
	GlobalSection(SolutionProperties) = preSolution
		HideSolutionNode = FALSE
	EndGlobalSection
	GlobalSection(ExtensibilityGlobals) = postSolution
		SolutionGuid = {4D1451E6-16E9-4002-BB78-4B2DAC32CC58}
	EndGlobalSection
EndGlobal
